{
  "name": "tianshanos-prompt-regressions",
  "lockfileVersion": 3,
  "requires": true,
  "packages": {
    "": {
      "name": "tianshanos-prompt-regressions",
      "devDependencies": {
        "acorn": "8.16.0",
        "playwright": "1.64.0-alpha-1789764292000"
      },
      "engines": {
        "node": ">=22"
      }
    },
    "node_modules/acorn": {
      "version": "8.16.0",
      "resolved": "https://registry.npmjs.org/acorn/-/acorn-8.16.0.tgz",
      "integrity": "sha512-UVJyE9MttOsBQIDKw1skb9nAwQuR5wuGD3+82K6JgJlm/Y+KI92oNsMNGZCYdDsVtRHSak0pcV5Dno5+4jh9sw==",
      "dev": true,
      "license": "MIT",
      "bin": {
        "acorn": "bin/acorn"
      },
      "engines": {
        "node": ">=0.4.0"
      }
    },
    "node_modules/playwright": {
      "version": "1.64.0-alpha-1789764292000",
      "resolved": "https://registry.npmjs.org/playwright/-/playwright-1.64.0-alpha-1789764292000.tgz",
      "integrity": "sha512-3Ngs4ERGdC912uW3srEDtNVey4u1wSaQ/EFcKhxMpz0by0K6nidaJgM087pLpJc1osytiVnL7ack5gvgPArPNw==",
      "dev": true,
      "license": "Apache-2.0",
      "dependencies": {
        "playwright-core": "1.64.0-alpha-1789764292000"
      },
      "bin": {
        "playwright": "cli.js"
      },
      "engines": {
        "node": ">=20"
      }
    },
    "node_modules/playwright-core": {
      "version": "1.64.0-alpha-1789764292000",
      "resolved": "https://registry.npmjs.org/playwright-core/-/playwright-core-1.64.0-alpha-1789764292000.tgz",
      "integrity": "sha512-ZgRaybFv4rRy7QMGnYprEGFdNJnvapNqcaER2w96bDQA+40BWIle1el1Yh9KHD3E6XYmieMB+r+UxFTCauTGGQ==",
      "dev": true,
      "license": "Apache-2.0",
      "bin": {
        "playwright-core": "cli.js"
      },
      "engines": {
        "node": ">=20"
      }
    }
  }
}
